
Microsoft Visual Studio Solution File, Format Version 12.00
# Visual Studio Version 16
VisualStudioVersion = 16.0.31129.286
MinimumVisualStudioVersion = 10.0.40219.1
Project("{FAE04EC0-301F-11D3-BF4B-00C04F79EFBC}") = "Template", "Template\Template.csproj", "{E8B27B90-6F6B-419B-A0B8-311E0B0E54EF}"
EndProject
Global
	GlobalSection(SolutionConfigurationPlatforms) = preSolution
		Debug|Any CPU = Debug|Any CPU
		Release|Any CPU = Release|Any CPU
	EndGlobalSection
	GlobalSection(ProjectConfigurationPlatforms) = postSolution
		{E8B27B90-6F6B-419B-A0B8-311E0B0E54EF}.Debug|Any CPU.ActiveCfg = Debug|Any CPU
		{E8B27B90-6F6B-419B-A0B8-311E0B0E54EF}.Debug|Any CPU.Build.0 = Debug|Any CPU
		{E8B27B90-6F6B-419B-A0B8-311E0B0E54EF}.Release|Any CPU.ActiveCfg = Release|Any CPU
		{E8B27B90-6F6B-419B-A0B8-311E0B0E54EF}.Release|Any CPU.Build.0 = Release|Any CPU
	EndGlobalSection
	GlobalSection(SolutionProperties) = preSolution
		HideSolutionNode = FALSE
	EndGlobalSection
	GlobalSection(ExtensibilityGlobals) = postSolution
		SolutionGuid = {701D6FD3-51FB-40FA-8597-C249AAF95C75}
	EndGlobalSection
EndGlobal
